
Microsoft Visual Studio Solution File, Format Version 12.00
# Visual Studio Version 17
VisualStudioVersion = 17.14.36915.13 d17.14
MinimumVisualStudioVersion = 10.0.40219.1
Project("{FAE04EC0-301F-11D3-BF4B-00C04F79EFBC}") = "RSDSystem", "RSDSystem\RSDSystem.csproj", "{26B38A38-FE9D-458B-BEB7-F21996ADF2B3}"
EndProject
Project("{FAE04EC0-301F-11D3-BF4B-00C04F79EFBC}") = "RSDSystem.Tests", "RSDSystem.Tests\RSDSystem.Tests.csproj", "{A7C4E91B-3D2F-4A8E-9B16-5C8F0E2A1D44}"
EndProject
Global
	GlobalSection(SolutionConfigurationPlatforms) = preSolution
		Debug|Any CPU = Debug|Any CPU
		Release|Any CPU = Release|Any CPU
	EndGlobalSection
	GlobalSection(ProjectConfigurationPlatforms) = postSolution
		{26B38A38-FE9D-458B-BEB7-F21996ADF2B3}.Debug|Any CPU.ActiveCfg = Debug|Any CPU
		{26B38A38-FE9D-458B-BEB7-F21996ADF2B3}.Debug|Any CPU.Build.0 = Debug|Any CPU
		{26B38A38-FE9D-458B-BEB7-F21996ADF2B3}.Release|Any CPU.ActiveCfg = Release|Any CPU
		{26B38A38-FE9D-458B-BEB7-F21996ADF2B3}.Release|Any CPU.Build.0 = Release|Any CPU
		{A7C4E91B-3D2F-4A8E-9B16-5C8F0E2A1D44}.Debug|Any CPU.ActiveCfg = Debug|Any CPU
		{A7C4E91B-3D2F-4A8E-9B16-5C8F0E2A1D44}.Debug|Any CPU.Build.0 = Debug|Any CPU
		{A7C4E91B-3D2F-4A8E-9B16-5C8F0E2A1D44}.Release|Any CPU.ActiveCfg = Release|Any CPU
		{A7C4E91B-3D2F-4A8E-9B16-5C8F0E2A1D44}.Release|Any CPU.Build.0 = Release|Any CPU
	EndGlobalSection
	GlobalSection(SolutionProperties) = preSolution
		HideSolutionNode = FALSE
	EndGlobalSection
	GlobalSection(ExtensibilityGlobals) = postSolution
		SolutionGuid = {80A556C6-E7F6-4850-8580-2948A3F3EBBD}
	EndGlobalSection
EndGlobal
